
Microsoft Visual Studio Solution File, Format Version 12.00
# Visual Studio Version 17
VisualStudioVersion = 17.14.37203.1 d17.14
MinimumVisualStudioVersion = 10.0.40219.1
Project("{FAE04EC0-301F-11D3-BF4B-00C04F79EFBC}") = "Veterinaria", "Veterinaria\Veterinaria.csproj", "{679FCAE6-AD8E-4FF7-A78E-C0CD8B70C598}"
EndProject
Global
	GlobalSection(SolutionConfigurationPlatforms) = preSolution
		Debug|Any CPU = Debug|Any CPU
		Release|Any CPU = Release|Any CPU
	EndGlobalSection
	GlobalSection(ProjectConfigurationPlatforms) = postSolution
		{679FCAE6-AD8E-4FF7-A78E-C0CD8B70C598}.Debug|Any CPU.ActiveCfg = Debug|Any CPU
		{679FCAE6-AD8E-4FF7-A78E-C0CD8B70C598}.Debug|Any CPU.Build.0 = Debug|Any CPU
		{679FCAE6-AD8E-4FF7-A78E-C0CD8B70C598}.Release|Any CPU.ActiveCfg = Release|Any CPU
		{679FCAE6-AD8E-4FF7-A78E-C0CD8B70C598}.Release|Any CPU.Build.0 = Release|Any CPU
	EndGlobalSection
	GlobalSection(SolutionProperties) = preSolution
		HideSolutionNode = FALSE
	EndGlobalSection
	GlobalSection(ExtensibilityGlobals) = postSolution
		SolutionGuid = {D1D859BA-AD09-4417-B43B-617B70744F94}
	EndGlobalSection
EndGlobal
